// !$*UTF8*$!
{
	archiveVersion = 1;
	classes = {
	};
	objectVersion = 50;
	objects = {

/* Begin PBXBuildFile section */
		CDA2A9B72354D01B00255C51 /* AppDelegate.swift in Sources */ = {isa = PBXBuildFile; fileRef = CDA2A9B62354D01B00255C51 /* AppDelegate.swift */; };
		CDA2A9B92354D01B00255C51 /* SceneDelegate.swift in Sources */ = {isa = PBXBuildFile; fileRef = CDA2A9B82354D01B00255C51 /* SceneDelegate.swift */; };
		CDA2A9BB2354D01B00255C51 /* ViewController.swift in Sources */ = {isa = PBXBuildFile; fileRef = CDA2A9BA2354D01B00255C51 /* ViewController.swift */; };
		CDA2A9BE2354D01B00255C51 /* Main.storyboard in Resources */ = {isa = PBXBuildFile; fileRef = CDA2A9BC2354D01B00255C51 /* Main.storyboard */; };
		CDA2A9C02354D02C00255C51 /* Assets.xcassets in Resources */ = {isa = PBXBuildFile; fileRef = CDA2A9BF2354D02C00255C51 /* Assets.xcassets */; };
		CDA2A9C32354D02C00255C51 /* LaunchScreen.storyboard in Resources */ = {isa = PBXBuildFile; fileRef = CDA2A9C12354D02C00255C51 /* LaunchScreen.storyboard */; };
		CDA2A9CE2354D02C00255C51 /* Pursuit_Core_Insertion_Sort_LabTests.swift in Sources */ = {isa = PBXBuildFile; fileRef = CDA2A9CD2354D02C00255C51 /* Pursuit_Core_Insertion_Sort_LabTests.swift */; };
		CDA2A9D92354D07700255C51 /* LinkedList.swift in Sources */ = {isa = PBXBuildFile; fileRef = CDA2A9D82354D07700255C51 /* LinkedList.swift */; };
		CDA2A9DB2354D0B100255C51 /* InsertionSortQuestions.swift in Sources */ = {isa = PBXBuildFile; fileRef = CDA2A9DA2354D0B100255C51 /* InsertionSortQuestions.swift */; };
/* End PBXBuildFile section */

/* Begin PBXContainerItemProxy section */
		CDA2A9CA2354D02C00255C51 /* PBXContainerItemProxy */ = {
			isa = PBXContainerItemProxy;
			containerPortal = CDA2A9AB2354D01A00255C51 /* Project object */;
			proxyType = 1;
			remoteGlobalIDString = CDA2A9B22354D01A00255C51;
			remoteInfo = "Pursuit-Core-Insertion-Sort-Lab";
		};
/* End PBXContainerItemProxy section */

/* Begin PBXFileReference section */
		CDA2A9B32354D01B00255C51 /* Pursuit-Core-Insertion-Sort-Lab.app */ = {isa = PBXFileReference; explicitFileType = wrapper.application; includeInIndex = 0; path = "Pursuit-Core-Insertion-Sort-Lab.app"; sourceTree = BUILT_PRODUCTS_DIR; };
		CDA2A9B62354D01B00255C51 /* AppDelegate.swift */ = {isa = PBXFileReference; lastKnownFileType = sourcecode.swift; path = AppDelegate.swift; sourceTree = "<group>"; };
		CDA2A9B82354D01B00255C51 /* SceneDelegate.swift */ = {isa = PBXFileReference; lastKnownFileType = sourcecode.swift; path = SceneDelegate.swift; sourceTree = "<group>"; };
		CDA2A9BA2354D01B00255C51 /* ViewController.swift */ = {isa = PBXFileReference; lastKnownFileType = sourcecode.swift; path = ViewController.swift; sourceTree = "<group>"; };
		CDA2A9BD2354D01B00255C51 /* Base */ = {isa = PBXFileReference; lastKnownFileType = file.storyboard; name = Base; path = Base.lproj/Main.storyboard; sourceTree = "<group>"; };
		CDA2A9BF2354D02C00255C51 /* Assets.xcassets */ = {isa = PBXFileReference; lastKnownFileType = folder.assetcatalog; path = Assets.xcassets; sourceTree = "<group>"; };
		CDA2A9C22354D02C00255C51 /* Base */ = {isa = PBXFileReference; lastKnownFileType = file.storyboard; name = Base; path = Base.lproj/LaunchScreen.storyboard; sourceTree = "<group>"; };
		CDA2A9C42354D02C00255C51 /* Info.plist */ = {isa = PBXFileReference; lastKnownFileType = text.plist.xml; path = Info.plist; sourceTree = "<group>"; };
		CDA2A9C92354D02C00255C51 /* Pursuit-Core-Insertion-Sort-LabTests.xctest */ = {isa = PBXFileReference; explicitFileType = wrapper.cfbundle; includeInIndex = 0; path = "Pursuit-Core-Insertion-Sort-LabTests.xctest"; sourceTree = BUILT_PRODUCTS_DIR; };
		CDA2A9CD2354D02C00255C51 /* Pursuit_Core_Insertion_Sort_LabTests.swift */ = {isa = PBXFileReference; lastKnownFileType = sourcecode.swift; path = Pursuit_Core_Insertion_Sort_LabTests.swift; sourceTree = "<group>"; };
		CDA2A9CF2354D02C00255C51 /* Info.plist */ = {isa = PBXFileReference; lastKnownFileType = text.plist.xml; path = Info.plist; sourceTree = "<group>"; };
		CDA2A9D82354D07700255C51 /* LinkedList.swift */ = {isa = PBXFileReference; lastKnownFileType = sourcecode.swift; path = LinkedList.swift; sourceTree = "<group>"; };
		CDA2A9DA2354D0B100255C51 /* InsertionSortQuestions.swift */ = {isa = PBXFileReference; lastKnownFileType = sourcecode.swift; path = InsertionSortQuestions.swift; sourceTree = "<group>"; };
/* End PBXFileReference section */

/* Begin PBXFrameworksBuildPhase section */
		CDA2A9B02354D01A00255C51 /* Frameworks */ = {
			isa = PBXFrameworksBuildPhase;
			buildActionMask = 2147483647;
			files = (
			);
			runOnlyForDeploymentPostprocessing = 0;
		};
		CDA2A9C62354D02C00255C51 /* Frameworks */ = {
			isa = PBXFrameworksBuildPhase;
			buildActionMask = 2147483647;
			files = (
			);
			runOnlyForDeploymentPostprocessing = 0;
		};
/* End PBXFrameworksBuildPhase section */

/* Begin PBXGroup section */
		CDA2A9AA2354D01A00255C51 = {
			isa = PBXGroup;
			children = (
				CDA2A9B52354D01B00255C51 /* Pursuit-Core-Insertion-Sort-Lab */,
				CDA2A9CC2354D02C00255C51 /* Pursuit-Core-Insertion-Sort-LabTests */,
				CDA2A9B42354D01B00255C51 /* Products */,
			);
			sourceTree = "<group>";
		};
		CDA2A9B42354D01B00255C51 /* Products */ = {
			isa = PBXGroup;
			children = (
				CDA2A9B32354D01B00255C51 /* Pursuit-Core-Insertion-Sort-Lab.app */,
				CDA2A9C92354D02C00255C51 /* Pursuit-Core-Insertion-Sort-LabTests.xctest */,
			);
			name = Products;
			sourceTree = "<group>";
		};
		CDA2A9B52354D01B00255C51 /* Pursuit-Core-Insertion-Sort-Lab */ = {
			isa = PBXGroup;
			children = (
				CDA2A9B62354D01B00255C51 /* AppDelegate.swift */,
				CDA2A9B82354D01B00255C51 /* SceneDelegate.swift */,
				CDA2A9BA2354D01B00255C51 /* ViewController.swift */,
				CDA2A9BC2354D01B00255C51 /* Main.storyboard */,
				CDA2A9BF2354D02C00255C51 /* Assets.xcassets */,
				CDA2A9C12354D02C00255C51 /* LaunchScreen.storyboard */,
				CDA2A9C42354D02C00255C51 /* Info.plist */,
				CDA2A9D82354D07700255C51 /* LinkedList.swift */,
				CDA2A9DA2354D0B100255C51 /* InsertionSortQuestions.swift */,
			);
			path = "Pursuit-Core-Insertion-Sort-Lab";
			sourceTree = "<group>";
		};
		CDA2A9CC2354D02C00255C51 /* Pursuit-Core-Insertion-Sort-LabTests */ = {
			isa = PBXGroup;
			children = (
				CDA2A9CD2354D02C00255C51 /* Pursuit_Core_Insertion_Sort_LabTests.swift */,
				CDA2A9CF2354D02C00255C51 /* Info.plist */,
			);
			path = "Pursuit-Core-Insertion-Sort-LabTests";
			sourceTree = "<group>";
		};
/* End PBXGroup section */

/* Begin PBXNativeTarget section */
		CDA2A9B22354D01A00255C51 /* Pursuit-Core-Insertion-Sort-Lab */ = {
			isa = PBXNativeTarget;
			buildConfigurationList = CDA2A9D22354D02D00255C51 /* Build configuration list for PBXNativeTarget "Pursuit-Core-Insertion-Sort-Lab" */;
			buildPhases = (
				CDA2A9AF2354D01A00255C51 /* Sources */,
				CDA2A9B02354D01A00255C51 /* Frameworks */,
				CDA2A9B12354D01A00255C51 /* Resources */,
			);
			buildRules = (
			);
			dependencies = (
			);
			name = "Pursuit-Core-Insertion-Sort-Lab";
			productName = "Pursuit-Core-Insertion-Sort-Lab";
			productReference = CDA2A9B32354D01B00255C51 /* Pursuit-Core-Insertion-Sort-Lab.app */;
			productType = "com.apple.product-type.application";
		};
		CDA2A9C82354D02C00255C51 /* Pursuit-Core-Insertion-Sort-LabTests */ = {
			isa = PBXNativeTarget;
			buildConfigurationList = CDA2A9D52354D02D00255C51 /* Build configuration list for PBXNativeTarget "Pursuit-Core-Insertion-Sort-LabTests" */;
			buildPhases = (
				CDA2A9C52354D02C00255C51 /* Sources */,
				CDA2A9C62354D02C00255C51 /* Frameworks */,
				CDA2A9C72354D02C00255C51 /* Resources */,
			);
			buildRules = (
			);
			dependencies = (
				CDA2A9CB2354D02C00255C51 /* PBXTargetDependency */,
			);
			name = "Pursuit-Core-Insertion-Sort-LabTests";
			productName = "Pursuit-Core-Insertion-Sort-LabTests";
			productReference = CDA2A9C92354D02C00255C51 /* Pursuit-Core-Insertion-Sort-LabTests.xctest */;
			productType = "com.apple.product-type.bundle.unit-test";
		};
/* End PBXNativeTarget section */

/* Begin PBXProject section */
		CDA2A9AB2354D01A00255C51 /* Project object */ = {
			isa = PBXProject;
			attributes = {
				LastSwiftUpdateCheck = 1100;
				LastUpgradeCheck = 1100;
				ORGANIZATIONNAME = "Benjamin Stone";
				TargetAttributes = {
					CDA2A9B22354D01A00255C51 = {
						CreatedOnToolsVersion = 11.0;
					};
					CDA2A9C82354D02C00255C51 = {
						CreatedOnToolsVersion = 11.0;
						TestTargetID = CDA2A9B22354D01A00255C51;
					};
				};
			};
			buildConfigurationList = CDA2A9AE2354D01A00255C51 /* Build configuration list for PBXProject "Pursuit-Core-Insertion-Sort-Lab" */;
			compatibilityVersion = "Xcode 9.3";
			developmentRegion = en;
			hasScannedForEncodings = 0;
			knownRegions = (
				en,
				Base,
			);
			mainGroup = CDA2A9AA2354D01A00255C51;
			productRefGroup = CDA2A9B42354D01B00255C51 /* Products */;
			projectDirPath = "";
			projectRoot = "";
			targets = (
				CDA2A9B22354D01A00255C51 /* Pursuit-Core-Insertion-Sort-Lab */,
				CDA2A9C82354D02C00255C51 /* Pursuit-Core-Insertion-Sort-LabTests */,
			);
		};
/* End PBXProject section */

/* Begin PBXResourcesBuildPhase section */
		CDA2A9B12354D01A00255C51 /* Resources */ = {
			isa = PBXResourcesBuildPhase;
			buildActionMask = 2147483647;
			files = (
				CDA2A9C32354D02C00255C51 /* LaunchScreen.storyboard in Resources */,
				CDA2A9C02354D02C00255C51 /* Assets.xcassets in Resources */,
				CDA2A9BE2354D01B00255C51 /* Main.storyboard in Resources */,
			);
			runOnlyForDeploymentPostprocessing = 0;
		};
		CDA2A9C72354D02C00255C51 /* Resources */ = {
			isa = PBXResourcesBuildPhase;
			buildActionMask = 2147483647;
			files = (
			);
			runOnlyForDeploymentPostprocessing = 0;
		};
/* End PBXResourcesBuildPhase section */

/* Begin PBXSourcesBuildPhase section */
		CDA2A9AF2354D01A00255C51 /* Sources */ = {
			isa = PBXSourcesBuildPhase;
			buildActionMask = 2147483647;
			files = (
				CDA2A9BB2354D01B00255C51 /* ViewController.swift in Sources */,
				CDA2A9B72354D01B00255C51 /* AppDelegate.swift in Sources */,
				CDA2A9D92354D07700255C51 /* LinkedList.swift in Sources */,
				CDA2A9B92354D01B00255C51 /* SceneDelegate.swift in Sources */,
				CDA2A9DB2354D0B100255C51 /* InsertionSortQuestions.swift in Sources */,
			);
			runOnlyForDeploymentPostprocessing = 0;
		};
		CDA2A9C52354D02C00255C51 /* Sources */ = {
			isa = PBXSourcesBuildPhase;
			buildActionMask = 2147483647;
			files = (
				CDA2A9CE2354D02C00255C51 /* Pursuit_Core_Insertion_Sort_LabTests.swift in Sources */,
			);
			runOnlyForDeploymentPostprocessing = 0;
		};
/* End PBXSourcesBuildPhase section */

/* Begin PBXTargetDependency section */
		CDA2A9CB2354D02C00255C51 /* PBXTargetDependency */ = {
			isa = PBXTargetDependency;
			target = CDA2A9B22354D01A00255C51 /* Pursuit-Core-Insertion-Sort-Lab */;
			targetProxy = CDA2A9CA2354D02C00255C51 /* PBXContainerItemProxy */;
		};
/* End PBXTargetDependency section */

/* Begin PBXVariantGroup section */
		CDA2A9BC2354D01B00255C51 /* Main.storyboard */ = {
			isa = PBXVariantGroup;
			children = (
				CDA2A9BD2354D01B00255C51 /* Base */,
			);
			name = Main.storyboard;
			sourceTree = "<group>";
		};
		CDA2A9C12354D02C00255C51 /* LaunchScreen.storyboard */ = {
			isa = PBXVariantGroup;
			children = (
				CDA2A9C22354D02C00255C51 /* Base */,
			);
			name = LaunchScreen.storyboard;
			sourceTree = "<group>";
		};
/* End PBXVariantGroup section */

/* Begin XCBuildConfiguration section */
		CDA2A9D02354D02D00255C51 /* Debug */ = {
			isa = XCBuildConfiguration;
			buildSettings = {
				ALWAYS_SEARCH_USER_PATHS = NO;
				CLANG_ANALYZER_NONNULL = YES;
				CLANG_ANALYZER_NUMBER_OBJECT_CONVERSION = YES_AGGRESSIVE;
				CLANG_CXX_LANGUAGE_STANDARD = "gnu++14";
				CLANG_CXX_LIBRARY = "libc++";
				CLANG_ENABLE_MODULES = YES;
				CLANG_ENABLE_OBJC_ARC = YES;
				CLANG_ENABLE_OBJC_WEAK = YES;
				CLANG_WARN_BLOCK_CAPTURE_AUTORELEASING = YES;
				CLANG_WARN_BOOL_CONVERSION = YES;
				CLANG_WARN_COMMA = YES;
				CLANG_WARN_CONSTANT_CONVERSION = YES;
				CLANG_WARN_DEPRECATED_OBJC_IMPLEMENTATIONS = YES;
				CLANG_WARN_DIRECT_OBJC_ISA_USAGE = YES_ERROR;
				CLANG_WARN_DOCUMENTATION_COMMENTS = YES;
				CLANG_WARN_EMPTY_BODY = YES;
				CLANG_WARN_ENUM_CONVERSION = YES;
				CLANG_WARN_INFINITE_RECURSION = YES;
				CLANG_WARN_INT_CONVERSION = YES;
				CLANG_WARN_NON_LITERAL_NULL_CONVERSION = YES;
				CLANG_WARN_OBJC_IMPLICIT_RETAIN_SELF = YES;
				CLANG_WARN_OBJC_LITERAL_CONVERSION = YES;
				CLANG_WARN_OBJC_ROOT_CLASS = YES_ERROR;
				CLANG_WARN_RANGE_LOOP_ANALYSIS = YES;
				CLANG_WARN_STRICT_PROTOTYPES = YES;
				CLANG_WARN_SUSPICIOUS_MOVE = YES;
				CLANG_WARN_UNGUARDED_AVAILABILITY = YES_AGGRESSIVE;
				CLANG_WARN_UNREACHABLE_CODE = YES;
				CLANG_WARN__DUPLICATE_METHOD_MATCH = YES;
				COPY_PHASE_STRIP = NO;
				DEBUG_INFORMATION_FORMAT = dwarf;
				ENABLE_STRICT_OBJC_MSGSEND = YES;
				ENABLE_TESTABILITY = YES;
				GCC_C_LANGUAGE_STANDARD = gnu11;
				GCC_DYNAMIC_NO_PIC = NO;
				GCC_NO_COMMON_BLOCKS = YES;
				GCC_OPTIMIZATION_LEVEL = 0;
				GCC_PREPROCESSOR_DEFINITIONS = (
					"DEBUG=1",
					"$(inherited)",
				);
				GCC_WARN_64_TO_32_BIT_CONVERSION = YES;
				GCC_WARN_ABOUT_RETURN_TYPE = YES_ERROR;
				GCC_WARN_UNDECLARED_SELECTOR = YES;
				GCC_WARN_UNINITIALIZED_AUTOS = YES_AGGRESSIVE;
				GCC_WARN_UNUSED_FUNCTION = YES;
				GCC_WARN_UNUSED_VARIABLE = YES;
				IPHONEOS_DEPLOYMENT_TARGET = 13.0;
				MTL_ENABLE_DEBUG_INFO = INCLUDE_SOURCE;
				MTL_FAST_MATH = YES;
				ONLY_ACTIVE_ARCH = YES;
				SDKROOT = iphoneos;
				SWIFT_ACTIVE_COMPILATION_CONDITIONS = DEBUG;
				SWIFT_OPTIMIZATION_LEVEL = "-Onone";
			};
			name = Debug;
		};
		CDA2A9D12354D02D00255C51 /* Release */ = {
			isa = XCBuildConfiguration;
			buildSettings = {
				ALWAYS_SEARCH_USER_PATHS = NO;
				CLANG_ANALYZER_NONNULL = YES;
				CLANG_ANALYZER_NUMBER_OBJECT_CONVERSION = YES_AGGRESSIVE;
				CLANG_CXX_LANGUAGE_STANDARD = "gnu++14";
				CLANG_CXX_LIBRARY = "libc++";
				CLANG_ENABLE_MODULES = YES;
				CLANG_ENABLE_OBJC_ARC = YES;
				CLANG_ENABLE_OBJC_WEAK = YES;
				CLANG_WARN_BLOCK_CAPTURE_AUTORELEASING = YES;
				CLANG_WARN_BOOL_CONVERSION = YES;
				CLANG_WARN_COMMA = YES;
				CLANG_WARN_CONSTANT_CONVERSION = YES;
				CLANG_WARN_DEPRECATED_OBJC_IMPLEMENTATIONS = YES;
				CLANG_WARN_DIRECT_OBJC_ISA_USAGE = YES_ERROR;
				CLANG_WARN_DOCUMENTATION_COMMENTS = YES;
				CLANG_WARN_EMPTY_BODY = YES;
				CLANG_WARN_ENUM_CONVERSION = YES;
				CLANG_WARN_INFINITE_RECURSION = YES;
				CLANG_WARN_INT_CONVERSION = YES;
				CLANG_WARN_NON_LITERAL_NULL_CONVERSION = YES;
				CLANG_WARN_OBJC_IMPLICIT_RETAIN_SELF = YES;
				CLANG_WARN_OBJC_LITERAL_CONVERSION = YES;
				CLANG_WARN_OBJC_ROOT_CLASS = YES_ERROR;
				CLANG_WARN_RANGE_LOOP_ANALYSIS = YES;
				CLANG_WARN_STRICT_PROTOTYPES = YES;
				CLANG_WARN_SUSPICIOUS_MOVE = YES;
				CLANG_WARN_UNGUARDED_AVAILABILITY = YES_AGGRESSIVE;
				CLANG_WARN_UNREACHABLE_CODE = YES;
				CLANG_WARN__DUPLICATE_METHOD_MATCH = YES;
				COPY_PHASE_STRIP = NO;
				DEBUG_INFORMATION_FORMAT = "dwarf-with-dsym";
				ENABLE_NS_ASSERTIONS = NO;
				ENABLE_STRICT_OBJC_MSGSEND = YES;
				GCC_C_LANGUAGE_STANDARD = gnu11;
				GCC_NO_COMMON_BLOCKS = YES;
				GCC_WARN_64_TO_32_BIT_CONVERSION = YES;
				GCC_WARN_ABOUT_RETURN_TYPE = YES_ERROR;
				GCC_WARN_UNDECLARED_SELECTOR = YES;
				GCC_WARN_UNINITIALIZED_AUTOS = YES_AGGRESSIVE;
				GCC_WARN_UNUSED_FUNCTION = YES;
				GCC_WARN_UNUSED_VARIABLE = YES;
				IPHONEOS_DEPLOYMENT_TARGET = 13.0;
				MTL_ENABLE_DEBUG_INFO = NO;
				MTL_FAST_MATH = YES;
				SDKROOT = iphoneos;
				SWIFT_COMPILATION_MODE = wholemodule;
				SWIFT_OPTIMIZATION_LEVEL = "-O";
				VALIDATE_PRODUCT = YES;
			};
			name = Release;
		};
		CDA2A9D32354D02D00255C51 /* Debug */ = {
			isa = XCBuildConfiguration;
			buildSettings = {
				ASSETCATALOG_COMPILER_APPICON_NAME = AppIcon;
				CODE_SIGN_STYLE = Automatic;
				DEVELOPMENT_TEAM = 26RHXP32FH;
				INFOPLIST_FILE = "Pursuit-Core-Insertion-Sort-Lab/Info.plist";
				LD_RUNPATH_SEARCH_PATHS = (
					"$(inherited)",
					"@executable_path/Frameworks",
				);
				PRODUCT_BUNDLE_IDENTIFIER = "pursuit.Pursuit-Core-Insertion-Sort-Lab";
				PRODUCT_NAME = "$(TARGET_NAME)";
				SWIFT_VERSION = 5.0;
				TARGETED_DEVICE_FAMILY = "1,2";
			};
			name = Debug;
		};
		CDA2A9D42354D02D00255C51 /* Release */ = {
			isa = XCBuildConfiguration;
			buildSettings = {
				ASSETCATALOG_COMPILER_APPICON_NAME = AppIcon;
				CODE_SIGN_STYLE = Automatic;
				DEVELOPMENT_TEAM = 26RHXP32FH;
				INFOPLIST_FILE = "Pursuit-Core-Insertion-Sort-Lab/Info.plist";
				LD_RUNPATH_SEARCH_PATHS = (
					"$(inherited)",
					"@executable_path/Frameworks",
				);
				PRODUCT_BUNDLE_IDENTIFIER = "pursuit.Pursuit-Core-Insertion-Sort-Lab";
				PRODUCT_NAME = "$(TARGET_NAME)";
				SWIFT_VERSION = 5.0;
				TARGETED_DEVICE_FAMILY = "1,2";
			};
			name = Release;
		};
		CDA2A9D62354D02D00255C51 /* Debug */ = {
			isa = XCBuildConfiguration;
			buildSettings = {
				ALWAYS_EMBED_SWIFT_STANDARD_LIBRARIES = YES;
				BUNDLE_LOADER = "$(TEST_HOST)";
				CODE_SIGN_STYLE = Automatic;
				DEVELOPMENT_TEAM = 26RHXP32FH;
				INFOPLIST_FILE = "Pursuit-Core-Insertion-Sort-LabTests/Info.plist";
				IPHONEOS_DEPLOYMENT_TARGET = 13.0;
				LD_RUNPATH_SEARCH_PATHS = (
					"$(inherited)",
					"@executable_path/Frameworks",
					"@loader_path/Frameworks",
				);
				PRODUCT_BUNDLE_IDENTIFIER = "pursuit.Pursuit-Core-Insertion-Sort-LabTests";
				PRODUCT_NAME = "$(TARGET_NAME)";
				SWIFT_VERSION = 5.0;
				TARGETED_DEVICE_FAMILY = "1,2";
				TEST_HOST = "$(BUILT_PRODUCTS_DIR)/Pursuit-Core-Insertion-Sort-Lab.app/Pursuit-Core-Insertion-Sort-Lab";
			};
			name = Debug;
		};
		CDA2A9D72354D02D00255C51 /* Release */ = {
			isa = XCBuildConfiguration;
			buildSettings = {
				ALWAYS_EMBED_SWIFT_STANDARD_LIBRARIES = YES;
				BUNDLE_LOADER = "$(TEST_HOST)";
				CODE_SIGN_STYLE = Automatic;
				DEVELOPMENT_TEAM = 26RHXP32FH;
				INFOPLIST_FILE = "Pursuit-Core-Insertion-Sort-LabTests/Info.plist";
				IPHONEOS_DEPLOYMENT_TARGET = 13.0;
				LD_RUNPATH_SEARCH_PATHS = (
					"$(inherited)",
					"@executable_path/Frameworks",
					"@loader_path/Frameworks",
				);
				PRODUCT_BUNDLE_IDENTIFIER = "pursuit.Pursuit-Core-Insertion-Sort-LabTests";
				PRODUCT_NAME = "$(TARGET_NAME)";
				SWIFT_VERSION = 5.0;
				TARGETED_DEVICE_FAMILY = "1,2";
				TEST_HOST = "$(BUILT_PRODUCTS_DIR)/Pursuit-Core-Insertion-Sort-Lab.app/Pursuit-Core-Insertion-Sort-Lab";
			};
			name = Release;
		};
/* End XCBuildConfiguration section */

/* Begin XCConfigurationList section */
		CDA2A9AE2354D01A00255C51 /* Build configuration list for PBXProject "Pursuit-Core-Insertion-Sort-Lab" */ = {
			isa = XCConfigurationList;
			buildConfigurations = (
				CDA2A9D02354D02D00255C51 /* Debug */,
				CDA2A9D12354D02D00255C51 /* Release */,
			);
			defaultConfigurationIsVisible = 0;
			defaultConfigurationName = Release;
		};
		CDA2A9D22354D02D00255C51 /* Build configuration list for PBXNativeTarget "Pursuit-Core-Insertion-Sort-Lab" */ = {
			isa = XCConfigurationList;
			buildConfigurations = (
				CDA2A9D32354D02D00255C51 /* Debug */,
				CDA2A9D42354D02D00255C51 /* Release */,
			);
			defaultConfigurationIsVisible = 0;
			defaultConfigurationName = Release;
		};
		CDA2A9D52354D02D00255C51 /* Build configuration list for PBXNativeTarget "Pursuit-Core-Insertion-Sort-LabTests" */ = {
			isa = XCConfigurationList;
			buildConfigurations = (
				CDA2A9D62354D02D00255C51 /* Debug */,
				CDA2A9D72354D02D00255C51 /* Release */,
			);
			defaultConfigurationIsVisible = 0;
			defaultConfigurationName = Release;
		};
/* End XCConfigurationList section */
	};
	rootObject = CDA2A9AB2354D01A00255C51 /* Project object */;
}
